
Microsoft Visual Studio Solution File, Format Version 12.00
# Visual Studio 14
VisualStudioVersion = 14.0.25420.1
MinimumVisualStudioVersion = 10.0.40219.1
Project("{FAE04EC0-301F-11D3-BF4B-00C04F79EFBC}") = "ChangeWallpaperUnplash.Front", "ChangeWallpaperUnplash.Front\ChangeWallpaperUnplash.Front.csproj", "{752BC9D7-7F25-4EA8-AF16-6A5D36170F06}"
EndProject
Project("{FAE04EC0-301F-11D3-BF4B-00C04F79EFBC}") = "ChangeWallpaperUnplash.Backend", "ChangeWallpaperUnplash.Backend\ChangeWallpaperUnplash.Backend.csproj", "{2273238F-7587-479F-B1B1-6C59E3B2B174}"
EndProject
Project("{FAE04EC0-301F-11D3-BF4B-00C04F79EFBC}") = "ChangeWallpaperUnplash.Utils", "ChangeWallpaperUnplash.Utils\ChangeWallpaperUnplash.Utils.csproj", "{A10D1890-E31F-4BAD-980B-27261C3DFA6D}"
EndProject
Global
	GlobalSection(SolutionConfigurationPlatforms) = preSolution
		Debug|Any CPU = Debug|Any CPU
		Release|Any CPU = Release|Any CPU
	EndGlobalSection
	GlobalSection(ProjectConfigurationPlatforms) = postSolution
		{752BC9D7-7F25-4EA8-AF16-6A5D36170F06}.Debug|Any CPU.ActiveCfg = Debug|Any CPU
		{752BC9D7-7F25-4EA8-AF16-6A5D36170F06}.Debug|Any CPU.Build.0 = Debug|Any CPU
		{752BC9D7-7F25-4EA8-AF16-6A5D36170F06}.Release|Any CPU.ActiveCfg = Release|Any CPU
		{752BC9D7-7F25-4EA8-AF16-6A5D36170F06}.Release|Any CPU.Build.0 = Release|Any CPU
		{2273238F-7587-479F-B1B1-6C59E3B2B174}.Debug|Any CPU.ActiveCfg = Debug|Any CPU
		{2273238F-7587-479F-B1B1-6C59E3B2B174}.Debug|Any CPU.Build.0 = Debug|Any CPU
		{2273238F-7587-479F-B1B1-6C59E3B2B174}.Release|Any CPU.ActiveCfg = Release|Any CPU
		{2273238F-7587-479F-B1B1-6C59E3B2B174}.Release|Any CPU.Build.0 = Release|Any CPU
		{A10D1890-E31F-4BAD-980B-27261C3DFA6D}.Debug|Any CPU.ActiveCfg = Debug|Any CPU
		{A10D1890-E31F-4BAD-980B-27261C3DFA6D}.Debug|Any CPU.Build.0 = Debug|Any CPU
		{A10D1890-E31F-4BAD-980B-27261C3DFA6D}.Release|Any CPU.ActiveCfg = Release|Any CPU
		{A10D1890-E31F-4BAD-980B-27261C3DFA6D}.Release|Any CPU.Build.0 = Release|Any CPU
	EndGlobalSection
	GlobalSection(SolutionProperties) = preSolution
		HideSolutionNode = FALSE
	EndGlobalSection
EndGlobal
